
Microsoft Visual Studio Solution File, Format Version 12.00
# Visual Studio Version 17
VisualStudioVersion = 17.3.32825.248
MinimumVisualStudioVersion = 10.0.40219.1
Project("{FAE04EC0-301F-11D3-BF4B-00C04F79EFBC}") = "калькулятор2", "калькулятор2\калькулятор2.csproj", "{84676FF1-D2EA-4058-BADF-CF0EF1DBF0FF}"
EndProject
Global
	GlobalSection(SolutionConfigurationPlatforms) = preSolution
		Debug|Any CPU = Debug|Any CPU
		Release|Any CPU = Release|Any CPU
	EndGlobalSection
	GlobalSection(ProjectConfigurationPlatforms) = postSolution
		{84676FF1-D2EA-4058-BADF-CF0EF1DBF0FF}.Debug|Any CPU.ActiveCfg = Debug|Any CPU
		{84676FF1-D2EA-4058-BADF-CF0EF1DBF0FF}.Debug|Any CPU.Build.0 = Debug|Any CPU
		{84676FF1-D2EA-4058-BADF-CF0EF1DBF0FF}.Release|Any CPU.ActiveCfg = Release|Any CPU
		{84676FF1-D2EA-4058-BADF-CF0EF1DBF0FF}.Release|Any CPU.Build.0 = Release|Any CPU
	EndGlobalSection
	GlobalSection(SolutionProperties) = preSolution
		HideSolutionNode = FALSE
	EndGlobalSection
	GlobalSection(ExtensibilityGlobals) = postSolution
		SolutionGuid = {0CA7AA36-CD51-4092-8C78-01E939D1FB08}
	EndGlobalSection
EndGlobal
